{
    "_readme": [
        "This file locks the dependencies of your project to a known state"
    ],
    "content-hash": "8347f38d386f68579998ecf8427e",
    "packages": [
        {
            "name": "phpmailer/phpmailer",
            "version": "v6.9.1",
            "source": {
                "type": "git",
                "url": "https://github.com/PHPMailer/PHPMailer.git",
                "reference": "70c348270714444a18f60b4353723389"
            },
            "type": "library"
        }
    ],
    "packages-dev": [],
    "aliases": [],
    "minimum-stability": "stable",
    "stability-flags": [],
    "prefer-stable": false,
    "prefer-lowest": false,
    "platform": {},
    "platform-dev": {}
}
